
Microsoft Visual Studio Solution File, Format Version 12.00
# Visual Studio Version 16
VisualStudioVersion = 16.0.30002.166
MinimumVisualStudioVersion = 10.0.40219.1
Project("{9A19103F-16F7-4668-BE54-9A1E7A4F7556}") = "ProjectWebDev", "ProjectWebDev\ProjectWebDev.csproj", "{5DC60CBE-9F81-41F6-AE87-F4CD5A24D4B3}"
EndProject
Project("{FAE04EC0-301F-11D3-BF4B-00C04F79EFBC}") = "ProjectWebDev.Domain", "ProjectWebDev.Domain\ProjectWebDev.Domain.csproj", "{16FAC563-0296-4A2D-B1D6-1994488BBD22}"
EndProject
Project("{FAE04EC0-301F-11D3-BF4B-00C04F79EFBC}") = "ProjectWebDev.Repository", "ProjectWebDev.Repository\ProjectWebDev.Repository.csproj", "{4AD3D9A4-1714-4DC2-BF97-F4BA633F8CE8}"
EndProject
Project("{FAE04EC0-301F-11D3-BF4B-00C04F79EFBC}") = "ProjectWebDev.Service", "ProjectWebDev.Service\ProjectWebDev.Service.csproj", "{F5A87F0B-44CB-4D6E-858E-454EB0AA4F6B}"
EndProject
Global
	GlobalSection(SolutionConfigurationPlatforms) = preSolution
		Debug|Any CPU = Debug|Any CPU
		Release|Any CPU = Release|Any CPU
	EndGlobalSection
	GlobalSection(ProjectConfigurationPlatforms) = postSolution
		{5DC60CBE-9F81-41F6-AE87-F4CD5A24D4B3}.Debug|Any CPU.ActiveCfg = Debug|Any CPU
		{5DC60CBE-9F81-41F6-AE87-F4CD5A24D4B3}.Debug|Any CPU.Build.0 = Debug|Any CPU
		{5DC60CBE-9F81-41F6-AE87-F4CD5A24D4B3}.Release|Any CPU.ActiveCfg = Release|Any CPU
		{5DC60CBE-9F81-41F6-AE87-F4CD5A24D4B3}.Release|Any CPU.Build.0 = Release|Any CPU
		{16FAC563-0296-4A2D-B1D6-1994488BBD22}.Debug|Any CPU.ActiveCfg = Debug|Any CPU
		{16FAC563-0296-4A2D-B1D6-1994488BBD22}.Debug|Any CPU.Build.0 = Debug|Any CPU
		{16FAC563-0296-4A2D-B1D6-1994488BBD22}.Release|Any CPU.ActiveCfg = Release|Any CPU
		{16FAC563-0296-4A2D-B1D6-1994488BBD22}.Release|Any CPU.Build.0 = Release|Any CPU
		{4AD3D9A4-1714-4DC2-BF97-F4BA633F8CE8}.Debug|Any CPU.ActiveCfg = Debug|Any CPU
		{4AD3D9A4-1714-4DC2-BF97-F4BA633F8CE8}.Debug|Any CPU.Build.0 = Debug|Any CPU
		{4AD3D9A4-1714-4DC2-BF97-F4BA633F8CE8}.Release|Any CPU.ActiveCfg = Release|Any CPU
		{4AD3D9A4-1714-4DC2-BF97-F4BA633F8CE8}.Release|Any CPU.Build.0 = Release|Any CPU
		{F5A87F0B-44CB-4D6E-858E-454EB0AA4F6B}.Debug|Any CPU.ActiveCfg = Debug|Any CPU
		{F5A87F0B-44CB-4D6E-858E-454EB0AA4F6B}.Debug|Any CPU.Build.0 = Debug|Any CPU
		{F5A87F0B-44CB-4D6E-858E-454EB0AA4F6B}.Release|Any CPU.ActiveCfg = Release|Any CPU
		{F5A87F0B-44CB-4D6E-858E-454EB0AA4F6B}.Release|Any CPU.Build.0 = Release|Any CPU
	EndGlobalSection
	GlobalSection(SolutionProperties) = preSolution
		HideSolutionNode = FALSE
	EndGlobalSection
	GlobalSection(ExtensibilityGlobals) = postSolution
		SolutionGuid = {787A7550-F797-4B6F-979D-19FC14C81947}
	EndGlobalSection
EndGlobal
